version = 1
revision = 3
requires-python = ">=3.12"

[[package]]
name = "bgpframe"
version = "0.1.0"
source = { editable = "." }

[package.optional-dependencies]
polars = [
    { name = "polars" },
]

[package.dev-dependencies]
dev = [
    { name = "coverage" },
    { name = "maturin" },
    { name = "polars" },
    { name = "pyrefly" },
    { name = "ruff" },
]

[package.metadata]
requires-dist = [{ name = "polars", marker = "extra == 'polars'", specifier = ">=1.36.1" }]
provides-extras = ["polars"]

[package.metadata.requires-dev]
dev = [
    { name = "coverage", specifier = ">=7.11.0" },
    { name = "maturin", specifier = ">=1.10.2" },
    { name = "polars", specifier = ">=1.36.1" },
    { name = "pyrefly", specifier = ">=0.46.0" },
    { name = "ruff", specifier = ">=0.14.10" },
]

[[package]]
name = "coverage"
version = "7.13.4"
source = { registry = "https://pypi.org/simple" }
sdist = { url = "https://files.pythonhosted.org/packages/24/56/95b7e30fa389756cb56630faa728da46a27b8c6eb46f9d557c68fff12b65/coverage-7.13.4.tar.gz", hash = "sha256:e5c8f6ed1e61a8b2dcdf31eb0b9bbf0130750ca79c1c49eb898e2ad86f5ccc91", size = 827239, upload-time = "2026-02-09T12:59:03.86Z" }
wheels = [
    { url = "https://files.pythonhosted.org/packages/d1/81/4ce2fdd909c5a0ed1f6dedb88aa57ab79b6d1fbd9b588c1ac7ef45659566/coverage-7.13.4-cp312-cp312-macosx_10_13_x86_64.whl", hash = "sha256:02231499b08dabbe2b96612993e5fc34217cdae907a51b906ac7fca8027a4459", size = 219449, upload-time = "2026-02-09T12:56:54.889Z" },
    { url = "https://files.pythonhosted.org/packages/5d/96/5238b1efc5922ddbdc9b0db9243152c09777804fb7c02ad1741eb18a11c0/coverage-7.13.4-cp312-cp312-macosx_11_0_arm64.whl", hash = "sha256:40aa8808140e55dc022b15d8aa7f651b6b3d68b365ea0398f1441e0b04d859c3", size = 219810, upload-time = "2026-02-09T12:56:56.33Z" },
    { url = "https://files.pythonhosted.org/packages/78/72/2f372b726d433c9c35e56377cf1d513b4c16fe51841060d826b95caacec1/coverage-7.13.4-cp312-cp312-manylinux1_i686.manylinux_2_28_i686.manylinux_2_5_i686.whl", hash = "sha256:5b856a8ccf749480024ff3bd7310adaef57bf31fd17e1bfc404b7940b6986634", size = 251308, upload-time = "2026-02-09T12:56:57.858Z" },
    { url = "https://files.pythonhosted.org/packages/5d/a0/2ea570925524ef4e00bb6c82649f5682a77fac5ab910a65c9284de422600/coverage-7.13.4-cp312-cp312-manylinux1_x86_64.manylinux_2_28_x86_64.manylinux_2_5_x86_64.whl", hash = "sha256:2c048ea43875fbf8b45d476ad79f179809c590ec7b79e2035c662e7afa3192e3", size = 254052, upload-time = "2026-02-09T12:56:59.754Z" },
    { url = "https://files.pythonhosted.org/packages/e8/ac/45dc2e19a1939098d783c846e130b8f862fbb50d09e0af663988f2f21973/coverage-7.13.4-cp312-cp312-manylinux2014_aarch64.manylinux_2_17_aarch64.manylinux_2_28_aarch64.whl", hash = "sha256:b7b38448866e83176e28086674fe7368ab8590e4610fb662b44e345b86d63ffa", size = 255165, upload-time = "2026-02-09T12:57:01.287Z" },
    { url = "https://files.pythonhosted.org/packages/2d/4d/26d236ff35abc3b5e63540d3386e4c3b192168c1d96da5cb2f43c640970f/coverage-7.13.4-cp312-cp312-manylinux2014_ppc64le.manylinux_2_17_ppc64le.manylinux_2_28_ppc64le.whl", hash = "sha256:de6defc1c9badbf8b9e67ae90fd00519186d6ab64e5cc5f3d21359c2a9b2c1d3", size = 257432, upload-time = "2026-02-09T12:57:02.637Z" },
    { url = "https://files.pythonhosted.org/packages/ec/55/14a966c757d1348b2e19caf699415a2a4c4f7feaa4bbc6326a51f5c7dd1b/coverage-7.13.4-cp312-cp312-manylinux_2_31_riscv64.manylinux_2_39_riscv64.whl", hash = "sha256:7eda778067ad7ffccd23ecffce537dface96212576a07924cbf0d8799d2ded5a", size = 251716, upload-time = "2026-02-09T12:57:04.056Z" },
    { url = "https://files.pythonhosted.org/packages/77/33/50116647905837c66d28b2af1321b845d5f5d19be9655cb84d4a0ea806b4/coverage-7.13.4-cp312-cp312-musllinux_1_2_aarch64.whl", hash = "sha256:e87f6c587c3f34356c3759f0420693e35e7eb0e2e41e4c011cb6ec6ecbbf1db7", size = 253089, upload-time = "2026-02-09T12:57:05.503Z" },
    { url = "https://files.pythonhosted.org/packages/c2/b4/8efb11a46e3665d92635a56e4f2d4529de6d33f2cb38afd47d779d15fc99/coverage-7.13.4-cp312-cp312-musllinux_1_2_i686.whl", hash = "sha256:8248977c2e33aecb2ced42fef99f2d319e9904a36e55a8a68b69207fb7e43edc", size = 251232, upload-time = "2026-02-09T12:57:06.879Z" },
    { url = "https://files.pythonhosted.org/packages/51/24/8cd73dd399b812cc76bb0ac260e671c4163093441847ffe058ac9fda1e32/coverage-7.13.4-cp312-cp312-musllinux_1_2_ppc64le.whl", hash = "sha256:25381386e80ae727608e662474db537d4df1ecd42379b5ba33c84633a2b36d47", size = 255299, upload-time = "2026-02-09T12:57:08.245Z" },
    { url = "https://files.pythonhosted.org/packages/03/94/0a4b12f1d0e029ce1ccc1c800944a9984cbe7d678e470bb6d3c6bc38a0da/coverage-7.13.4-cp312-cp312-musllinux_1_2_riscv64.whl", hash = "sha256:ee756f00726693e5ba94d6df2bdfd64d4852d23b09bb0bc700e3b30e6f333985", size = 250796, upload-time = "2026-02-09T12:57:10.142Z" },
    { url = "https://files.pythonhosted.org/packages/73/44/6002fbf88f6698ca034360ce474c406be6d5a985b3fdb3401128031eef6b/coverage-7.13.4-cp312-cp312-musllinux_1_2_x86_64.whl", hash = "sha256:fdfc1e28e7c7cdce44985b3043bc13bbd9c747520f94a4d7164af8260b3d91f0", size = 252673, upload-time = "2026-02-09T12:57:12.197Z" },
    { url = "https://files.pythonhosted.org/packages/de/c6/a0279f7c00e786be75a749a5674e6fa267bcbd8209cd10c9a450c655dfa7/coverage-7.13.4-cp312-cp312-win32.whl", hash = "sha256:01d4cbc3c283a17fc1e42d614a119f7f438eabb593391283adca8dc86eff1246", size = 221990, upload-time = "2026-02-09T12:57:14.085Z" },
    { url = "https://files.pythonhosted.org/packages/77/4e/c0a25a425fcf5557d9abd18419c95b63922e897bc86c1f327f155ef234a9/coverage-7.13.4-cp312-cp312-win_amd64.whl", hash = "sha256:9401ebc7ef522f01d01d45532c68c5ac40fb27113019b6b7d8b208f6e9baa126", size = 222800, upload-time = "2026-02-09T12:57:15.944Z" },
    { url = "https://files.pythonhosted.org/packages/47/ac/92da44ad9a6f4e3a7debd178949d6f3769bedca33830ce9b1dcdab589a37/coverage-7.13.4-cp312-cp312-win_arm64.whl", hash = "sha256:b1ec7b6b6e93255f952e27ab58fbc68dcc468844b16ecbee881aeb29b6ab4d8d", size = 221415, upload-time = "2026-02-09T12:57:17.497Z" },
    { url = "https://files.pythonhosted.org/packages/db/23/aad45061a31677d68e47499197a131eea55da4875d16c1f42021ab963503/coverage-7.13.4-cp313-cp313-macosx_10_13_x86_64.whl", hash = "sha256:b66a2da594b6068b48b2692f043f35d4d3693fb639d5ea8b39533c2ad9ac3ab9", size = 219474, upload-time = "2026-02-09T12:57:19.332Z" },
    { url = "https://files.pythonhosted.org/packages/a5/70/9b8b67a0945f3dfec1fd896c5cefb7c19d5a3a6d74630b99a895170999ae/coverage-7.13.4-cp313-cp313-macosx_11_0_arm64.whl", hash = "sha256:3599eb3992d814d23b35c536c28df1a882caa950f8f507cef23d1cbf334995ac", size = 219844, upload-time = "2026-02-09T12:57:20.66Z" },
    { url = "https://files.pythonhosted.org/packages/97/fd/7e859f8fab324cef6c4ad7cff156ca7c489fef9179d5749b0c8d321281c2/coverage-7.13.4-cp313-cp313-manylinux1_i686.manylinux_2_28_i686.manylinux_2_5_i686.whl", hash = "sha256:93550784d9281e374fb5a12bf1324cc8a963fd63b2d2f223503ef0fd4aa339ea", size = 250832, upload-time = "2026-02-09T12:57:22.007Z" },
    { url = "https://files.pythonhosted.org/packages/e4/dc/b2442d10020c2f52617828862d8b6ee337859cd8f3a1f13d607dddda9cf7/coverage-7.13.4-cp313-cp313-manylinux1_x86_64.manylinux_2_28_x86_64.manylinux_2_5_x86_64.whl", hash = "sha256:b720ce6a88a2755f7c697c23268ddc47a571b88052e6b155224347389fdf6a3b", size = 253434, upload-time = "2026-02-09T12:57:23.339Z" },
    { url = "https://files.pythonhosted.org/packages/5a/88/6728a7ad17428b18d836540630487231f5470fb82454871149502f5e5aa2/coverage-7.13.4-cp313-cp313-manylinux2014_aarch64.manylinux_2_17_aarch64.manylinux_2_28_aarch64.whl", hash = "sha256:7b322db1284a2ed3aa28ffd8ebe3db91c929b7a333c0820abec3d838ef5b3525", size = 254676, upload-time = "2026-02-09T12:57:24.774Z" },
    { url = "https://files.pythonhosted.org/packages/7c/bc/21244b1b8cedf0dff0a2b53b208015fe798d5f2a8d5348dbfece04224fff/coverage-7.13.4-cp313-cp313-manylinux2014_ppc64le.manylinux_2_17_ppc64le.manylinux_2_28_ppc64le.whl", hash = "sha256:f4594c67d8a7c89cf922d9df0438c7c7bb022ad506eddb0fdb2863359ff78242", size = 256807, upload-time = "2026-02-09T12:57:26.125Z" },
    { url = "https://files.pythonhosted.org/packages/97/a0/ddba7ed3251cff51006737a727d84e05b61517d1784a9988a846ba508877/coverage-7.13.4-cp313-cp313-manylinux_2_31_riscv64.manylinux_2_39_riscv64.whl", hash = "sha256:53d133df809c743eb8bce33b24bcababb371f4441340578cd406e084d94a6148", size = 251058, upload-time = "2026-02-09T12:57:27.614Z" },
    { url = "https://files.pythonhosted.org/packages/9b/55/e289addf7ff54d3a540526f33751951bf0878f3809b47f6dfb3def69c6f7/coverage-7.13.4-cp313-cp313-musllinux_1_2_aarch64.whl", hash = "sha256:76451d1978b95ba6507a039090ba076105c87cc76fc3efd5d35d72093964d49a", size = 252805, upload-time = "2026-02-09T12:57:29.066Z" },
    { url = "https://files.pythonhosted.org/packages/13/4e/cc276b1fa4a59be56d96f1dabddbdc30f4ba22e3b1cd42504c37b3313255/coverage-7.13.4-cp313-cp313-musllinux_1_2_i686.whl", hash = "sha256:7f57b33491e281e962021de110b451ab8a24182589be17e12a22c79047935e23", size = 250766, upload-time = "2026-02-09T12:57:30.522Z" },
    { url = "https://files.pythonhosted.org/packages/94/44/1093b8f93018f8b41a8cf29636c9292502f05e4a113d4d107d14a3acd044/coverage-7.13.4-cp313-cp313-musllinux_1_2_ppc64le.whl", hash = "sha256:1731dc33dc276dafc410a885cbf5992f1ff171393e48a21453b78727d090de80", size = 254923, upload-time = "2026-02-09T12:57:31.946Z" },
    { url = "https://files.pythonhosted.org/packages/8b/55/ea2796da2d42257f37dbea1aab239ba9263b31bd91d5527cdd6db5efe174/coverage-7.13.4-cp313-cp313-musllinux_1_2_riscv64.whl", hash = "sha256:bd60d4fe2f6fa7dff9223ca1bbc9f05d2b6697bc5961072e5d3b952d46e1b1ea", size = 250591, upload-time = "2026-02-09T12:57:33.842Z" },
    { url = "https://files.pythonhosted.org/packages/d4/fa/7c4bb72aacf8af5020675aa633e59c1fbe296d22aed191b6a5b711eb2bc7/coverage-7.13.4-cp313-cp313-musllinux_1_2_x86_64.whl", hash = "sha256:9181a3ccead280b828fae232df12b16652702b49d41e99d657f46cc7b1f6ec7a", size = 252364, upload-time = "2026-02-09T12:57:35.743Z" },
    { url = "https://files.pythonhosted.org/packages/5c/38/a8d2ec0146479c20bbaa7181b5b455a0c41101eed57f10dd19a78ab44c80/coverage-7.13.4-cp313-cp313-win32.whl", hash = "sha256:f53d492307962561ac7de4cd1de3e363589b000ab69617c6156a16ba7237998d", size = 222010, upload-time = "2026-02-09T12:57:37.25Z" },
    { url = "https://files.pythonhosted.org/packages/e2/0c/dbfafbe90a185943dcfbc766fe0e1909f658811492d79b741523a414a6cc/coverage-7.13.4-cp313-cp313-win_amd64.whl", hash = "sha256:e6f70dec1cc557e52df5306d051ef56003f74d56e9c4dd7ddb07e07ef32a84dd", size = 222818, upload-time = "2026-02-09T12:57:38.734Z" },
    { url = "https://files.pythonhosted.org/packages/04/d1/934918a138c932c90d78301f45f677fb05c39a3112b96fd2c8e60503cdc7/coverage-7.13.4-cp313-cp313-win_arm64.whl", hash = "sha256:fb07dc5da7e849e2ad31a5d74e9bece81f30ecf5a42909d0a695f8bd1874d6af", size = 221438, upload-time = "2026-02-09T12:57:40.223Z" },
    { url = "https://files.pythonhosted.org/packages/52/57/ee93ced533bcb3e6df961c0c6e42da2fc6addae53fb95b94a89b1e33ebd7/coverage-7.13.4-cp313-cp313t-macosx_10_13_x86_64.whl", hash = "sha256:40d74da8e6c4b9ac18b15331c4b5ebc35a17069410cad462ad4f40dcd2d50c0d", size = 220165, upload-time = "2026-02-09T12:57:41.639Z" },
    { url = "https://files.pythonhosted.org/packages/c5/e0/969fc285a6fbdda49d91af278488d904dcd7651b2693872f0ff94e40e84a/coverage-7.13.4-cp313-cp313t-macosx_11_0_arm64.whl", hash = "sha256:4223b4230a376138939a9173f1bdd6521994f2aff8047fae100d6d94d50c5a12", size = 220516, upload-time = "2026-02-09T12:57:44.215Z" },
    { url = "https://files.pythonhosted.org/packages/b1/b8/9531944e16267e2735a30a9641ff49671f07e8138ecf1ca13db9fd2560c7/coverage-7.13.4-cp313-cp313t-manylinux1_i686.manylinux_2_28_i686.manylinux_2_5_i686.whl", hash = "sha256:1d4be36a5114c499f9f1f9195e95ebf979460dbe2d88e6816ea202010ba1c34b", size = 261804, upload-time = "2026-02-09T12:57:45.989Z" },
    { url = "https://files.pythonhosted.org/packages/8a/f3/e63df6d500314a2a60390d1989240d5f27318a7a68fa30ad3806e2a9323e/coverage-7.13.4-cp313-cp313t-manylinux1_x86_64.manylinux_2_28_x86_64.manylinux_2_5_x86_64.whl", hash = "sha256:200dea7d1e8095cc6e98cdabe3fd1d21ab17d3cee6dab00cadbb2fe35d9c15b9", size = 263885, upload-time = "2026-02-09T12:57:47.42Z" },
    { url = "https://files.pythonhosted.org/packages/f3/67/7654810de580e14b37670b60a09c599fa348e48312db5b216d730857ffe6/coverage-7.13.4-cp313-cp313t-manylinux2014_aarch64.manylinux_2_17_aarch64.manylinux_2_28_aarch64.whl", hash = "sha256:b8eb931ee8e6d8243e253e5ed7336deea6904369d2fd8ae6e43f68abbf167092", size = 266308, upload-time = "2026-02-09T12:57:49.345Z" },
    { url = "https://files.pythonhosted.org/packages/37/6f/39d41eca0eab3cc82115953ad41c4e77935286c930e8fad15eaed1389d83/coverage-7.13.4-cp313-cp313t-manylinux2014_ppc64le.manylinux_2_17_ppc64le.manylinux_2_28_ppc64le.whl", hash = "sha256:75eab1ebe4f2f64d9509b984f9314d4aa788540368218b858dad56dc8f3e5eb9", size = 267452, upload-time = "2026-02-09T12:57:50.811Z" },
    { url = "https://files.pythonhosted.org/packages/50/6d/39c0fbb8fc5cd4d2090811e553c2108cf5112e882f82505ee7495349a6bf/coverage-7.13.4-cp313-cp313t-manylinux_2_31_riscv64.manylinux_2_39_riscv64.whl", hash = "sha256:c35eb28c1d085eb7d8c9b3296567a1bebe03ce72962e932431b9a61f28facf26", size = 261057, upload-time = "2026-02-09T12:57:52.447Z" },
    { url = "https://files.pythonhosted.org/packages/a4/a2/60010c669df5fa603bb5a97fb75407e191a846510da70ac657eb696b7fce/coverage-7.13.4-cp313-cp313t-musllinux_1_2_aarch64.whl", hash = "sha256:eb88b316ec33760714a4720feb2816a3a59180fd58c1985012054fa7aebee4c2", size = 263875, upload-time = "2026-02-09T12:57:53.938Z" },
    { url = "https://files.pythonhosted.org/packages/3e/d9/63b22a6bdbd17f1f96e9ed58604c2a6b0e72a9133e37d663bef185877cf6/coverage-7.13.4-cp313-cp313t-musllinux_1_2_i686.whl", hash = "sha256:7d41eead3cc673cbd38a4417deb7fd0b4ca26954ff7dc6078e33f6ff97bed940", size = 261500, upload-time = "2026-02-09T12:57:56.012Z" },
    { url = "https://files.pythonhosted.org/packages/70/bf/69f86ba1ad85bc3ad240e4c0e57a2e620fbc0e1645a47b5c62f0e941ad7f/coverage-7.13.4-cp313-cp313t-musllinux_1_2_ppc64le.whl", hash = "sha256:fb26a934946a6afe0e326aebe0730cdff393a8bc0bbb65a2f41e30feddca399c", size = 265212, upload-time = "2026-02-09T12:57:57.5Z" },
    { url = "https://files.pythonhosted.org/packages/ae/f2/5f65a278a8c2148731831574c73e42f57204243d33bedaaf18fa79c5958f/coverage-7.13.4-cp313-cp313t-musllinux_1_2_riscv64.whl", hash = "sha256:dae88bc0fc77edaa65c14be099bd57ee140cf507e6bfdeea7938457ab387efb0", size = 260398, upload-time = "2026-02-09T12:57:59.027Z" },
    { url = "https://files.pythonhosted.org/packages/ef/80/6e8280a350ee9fea92f14b8357448a242dcaa243cb2c72ab0ca591f66c8c/coverage-7.13.4-cp313-cp313t-musllinux_1_2_x86_64.whl", hash = "sha256:845f352911777a8e722bfce168958214951e07e47e5d5d9744109fa5fe77f79b", size = 262584, upload-time = "2026-02-09T12:58:01.129Z" },
    { url = "https://files.pythonhosted.org/packages/22/63/01ff182fc95f260b539590fb12c11ad3e21332c15f9799cb5e2386f71d9f/coverage-7.13.4-cp313-cp313t-win32.whl", hash = "sha256:2fa8d5f8de70688a28240de9e139fa16b153cc3cbb01c5f16d88d6505ebdadf9", size = 222688, upload-time = "2026-02-09T12:58:02.736Z" },
    { url = "https://files.pythonhosted.org/packages/a9/43/89de4ef5d3cd53b886afa114065f7e9d3707bdb3e5efae13535b46ae483d/coverage-7.13.4-cp313-cp313t-win_amd64.whl", hash = "sha256:9351229c8c8407645840edcc277f4a2d44814d1bc34a2128c11c2a031d45a5dd", size = 223746, upload-time = "2026-02-09T12:58:05.362Z" },
    { url = "https://files.pythonhosted.org/packages/35/39/7cf0aa9a10d470a5309b38b289b9bb07ddeac5d61af9b664fe9775a4cb3e/coverage-7.13.4-cp313-cp313t-win_arm64.whl", hash = "sha256:30b8d0512f2dc8c8747557e8fb459d6176a2c9e5731e2b74d311c03b78451997", size = 222003, upload-time = "2026-02-09T12:58:06.952Z" },
    { url = "https://files.pythonhosted.org/packages/92/11/a9cf762bb83386467737d32187756a42094927150c3e107df4cb078e8590/coverage-7.13.4-cp314-cp314-macosx_10_15_x86_64.whl", hash = "sha256:300deaee342f90696ed186e3a00c71b5b3d27bffe9e827677954f4ee56969601", size = 219522, upload-time = "2026-02-09T12:58:08.623Z" },
    { url = "https://files.pythonhosted.org/packages/d3/28/56e6d892b7b052236d67c95f1936b6a7cf7c3e2634bf27610b8cbd7f9c60/coverage-7.13.4-cp314-cp314-macosx_11_0_arm64.whl", hash = "sha256:29e3220258d682b6226a9b0925bc563ed9a1ebcff3cad30f043eceea7eaf2689", size = 219855, upload-time = "2026-02-09T12:58:10.176Z" },
    { url = "https://files.pythonhosted.org/packages/e5/69/233459ee9eb0c0d10fcc2fe425a029b3fa5ce0f040c966ebce851d030c70/coverage-7.13.4-cp314-cp314-manylinux1_i686.manylinux_2_28_i686.manylinux_2_5_i686.whl", hash = "sha256:391ee8f19bef69210978363ca930f7328081c6a0152f1166c91f0b5fdd2a773c", size = 250887, upload-time = "2026-02-09T12:58:12.503Z" },
    { url = "https://files.pythonhosted.org/packages/06/90/2cdab0974b9b5bbc1623f7876b73603aecac11b8d95b85b5b86b32de5eab/coverage-7.13.4-cp314-cp314-manylinux1_x86_64.manylinux_2_28_x86_64.manylinux_2_5_x86_64.whl", hash = "sha256:0dd7ab8278f0d58a0128ba2fca25824321f05d059c1441800e934ff2efa52129", size = 253396, upload-time = "2026-02-09T12:58:14.615Z" },
    { url = "https://files.pythonhosted.org/packages/ac/15/ea4da0f85bf7d7b27635039e649e99deb8173fe551096ea15017f7053537/coverage-7.13.4-cp314-cp314-manylinux2014_aarch64.manylinux_2_17_aarch64.manylinux_2_28_aarch64.whl", hash = "sha256:78cdf0d578b15148b009ccf18c686aa4f719d887e76e6b40c38ffb61d264a552", size = 254745, upload-time = "2026-02-09T12:58:16.162Z" },
    { url = "https://files.pythonhosted.org/packages/99/11/bb356e86920c655ca4d61daee4e2bbc7258f0a37de0be32d233b561134ff/coverage-7.13.4-cp314-cp314-manylinux2014_ppc64le.manylinux_2_17_ppc64le.manylinux_2_28_ppc64le.whl", hash = "sha256:48685fee12c2eb3b27c62f2658e7ea21e9c3239cba5a8a242801a0a3f6a8c62a", size = 257055, upload-time = "2026-02-09T12:58:17.892Z" },
    { url = "https://files.pythonhosted.org/packages/c9/0f/9ae1f8cb17029e09da06ca4e28c9e1d5c1c0a511c7074592e37e0836c915/coverage-7.13.4-cp314-cp314-manylinux_2_31_riscv64.manylinux_2_39_riscv64.whl", hash = "sha256:4e83efc079eb39480e6346a15a1bcb3e9b04759c5202d157e1dd4303cd619356", size = 250911, upload-time = "2026-02-09T12:58:19.495Z" },
    { url = "https://files.pythonhosted.org/packages/89/3a/adfb68558fa815cbc29747b553bc833d2150228f251b127f1ce97e48547c/coverage-7.13.4-cp314-cp314-musllinux_1_2_aarch64.whl", hash = "sha256:ecae9737b72408d6a950f7e525f30aca12d4bd8dd95e37342e5beb3a2a8c4f71", size = 252754, upload-time = "2026-02-09T12:58:21.064Z" },
    { url = "https://files.pythonhosted.org/packages/32/b1/540d0c27c4e748bd3cd0bd001076ee416eda993c2bae47a73b7cc9357931/coverage-7.13.4-cp314-cp314-musllinux_1_2_i686.whl", hash = "sha256:ae4578f8528569d3cf303fef2ea569c7f4c4059a38c8667ccef15c6e1f118aa5", size = 250720, upload-time = "2026-02-09T12:58:22.622Z" },
    { url = "https://files.pythonhosted.org/packages/c7/95/383609462b3ffb1fe133014a7c84fc0dd01ed55ac6140fa1093b5af7ebb1/coverage-7.13.4-cp314-cp314-musllinux_1_2_ppc64le.whl", hash = "sha256:6fdef321fdfbb30a197efa02d48fcd9981f0d8ad2ae8903ac318adc653f5df98", size = 254994, upload-time = "2026-02-09T12:58:24.548Z" },
    { url = "https://files.pythonhosted.org/packages/f7/ba/1761138e86c81680bfc3c49579d66312865457f9fe405b033184e5793cb3/coverage-7.13.4-cp314-cp314-musllinux_1_2_riscv64.whl", hash = "sha256:2b0f6ccf3dbe577170bebfce1318707d0e8c3650003cb4b3a9dd744575daa8b5", size = 250531, upload-time = "2026-02-09T12:58:26.271Z" },
    { url = "https://files.pythonhosted.org/packages/f8/8e/05900df797a9c11837ab59c4d6fe94094e029582aab75c3309a93e6fb4e3/coverage-7.13.4-cp314-cp314-musllinux_1_2_x86_64.whl", hash = "sha256:75fcd519f2a5765db3f0e391eb3b7d150cce1a771bf4c9f861aeab86c767a3c0", size = 252189, upload-time = "2026-02-09T12:58:27.807Z" },
    { url = "https://files.pythonhosted.org/packages/00/bd/29c9f2db9ea4ed2738b8a9508c35626eb205d51af4ab7bf56a21a2e49926/coverage-7.13.4-cp314-cp314-win32.whl", hash = "sha256:8e798c266c378da2bd819b0677df41ab46d78065fb2a399558f3f6cae78b2fbb", size = 222258, upload-time = "2026-02-09T12:58:29.441Z" },
    { url = "https://files.pythonhosted.org/packages/a7/4d/1f8e723f6829977410efeb88f73673d794075091c8c7c18848d273dc9d73/coverage-7.13.4-cp314-cp314-win_amd64.whl", hash = "sha256:245e37f664d89861cf2329c9afa2c1fe9e6d4e1a09d872c947e70718aeeac505", size = 223073, upload-time = "2026-02-09T12:58:31.026Z" },
    { url = "https://files.pythonhosted.org/packages/51/5b/84100025be913b44e082ea32abcf1afbf4e872f5120b7a1cab1d331b1e13/coverage-7.13.4-cp314-cp314-win_arm64.whl", hash = "sha256:ad27098a189e5838900ce4c2a99f2fe42a0bf0c2093c17c69b45a71579e8d4a2", size = 221638, upload-time = "2026-02-09T12:58:32.599Z" },
    { url = "https://files.pythonhosted.org/packages/a7/e4/c884a405d6ead1370433dad1e3720216b4f9fd8ef5b64bfd984a2a60a11a/coverage-7.13.4-cp314-cp314t-macosx_10_15_x86_64.whl", hash = "sha256:85480adfb35ffc32d40918aad81b89c69c9cc5661a9b8a81476d3e645321a056", size = 220246, upload-time = "2026-02-09T12:58:34.181Z" },
    { url = "https://files.pythonhosted.org/packages/81/5c/4d7ed8b23b233b0fffbc9dfec53c232be2e695468523242ea9fd30f97ad2/coverage-7.13.4-cp314-cp314t-macosx_11_0_arm64.whl", hash = "sha256:79be69cf7f3bf9b0deeeb062eab7ac7f36cd4cc4c4dd694bd28921ba4d8596cc", size = 220514, upload-time = "2026-02-09T12:58:35.704Z" },
    { url = "https://files.pythonhosted.org/packages/2f/6f/3284d4203fd2f28edd73034968398cd2d4cb04ab192abc8cff007ea35679/coverage-7.13.4-cp314-cp314t-manylinux1_i686.manylinux_2_28_i686.manylinux_2_5_i686.whl", hash = "sha256:caa421e2684e382c5d8973ac55e4f36bed6821a9bad5c953494de960c74595c9", size = 261877, upload-time = "2026-02-09T12:58:37.864Z" },
    { url = "https://files.pythonhosted.org/packages/09/aa/b672a647bbe1556a85337dc95bfd40d146e9965ead9cc2fe81bde1e5cbce/coverage-7.13.4-cp314-cp314t-manylinux1_x86_64.manylinux_2_28_x86_64.manylinux_2_5_x86_64.whl", hash = "sha256:14375934243ee05f56c45393fe2ce81fe5cc503c07cee2bdf1725fb8bef3ffaf", size = 264004, upload-time = "2026-02-09T12:58:39.492Z" },
    { url = "https://files.pythonhosted.org/packages/79/a1/aa384dbe9181f98bba87dd23dda436f0c6cf2e148aecbb4e50fc51c1a656/coverage-7.13.4-cp314-cp314t-manylinux2014_aarch64.manylinux_2_17_aarch64.manylinux_2_28_aarch64.whl", hash = "sha256:25a41c3104d08edb094d9db0d905ca54d0cd41c928bb6be3c4c799a54753af55", size = 266408, upload-time = "2026-02-09T12:58:41.852Z" },
    { url = "https://files.pythonhosted.org/packages/53/5e/5150bf17b4019bc600799f376bb9606941e55bd5a775dc1e096b6ffea952/coverage-7.13.4-cp314-cp314t-manylinux2014_ppc64le.manylinux_2_17_ppc64le.manylinux_2_28_ppc64le.whl", hash = "sha256:6f01afcff62bf9a08fb32b2c1d6e924236c0383c02c790732b6537269e466a72", size = 267544, upload-time = "2026-02-09T12:58:44.093Z" },
    { url = "https://files.pythonhosted.org/packages/e0/ed/f1de5c675987a4a7a672250d2c5c9d73d289dbf13410f00ed7181d8017dd/coverage-7.13.4-cp314-cp314t-manylinux_2_31_riscv64.manylinux_2_39_riscv64.whl", hash = "sha256:eb9078108fbf0bcdde37c3f4779303673c2fa1fe8f7956e68d447d0dd426d38a", size = 260980, upload-time = "2026-02-09T12:58:45.721Z" },
    { url = "https://files.pythonhosted.org/packages/b3/e3/fe758d01850aa172419a6743fe76ba8b92c29d181d4f676ffe2dae2ba631/coverage-7.13.4-cp314-cp314t-musllinux_1_2_aarch64.whl", hash = "sha256:0e086334e8537ddd17e5f16a344777c1ab8194986ec533711cbe6c41cde841b6", size = 263871, upload-time = "2026-02-09T12:58:47.334Z" },
    { url = "https://files.pythonhosted.org/packages/b6/76/b829869d464115e22499541def9796b25312b8cf235d3bb00b39f1675395/coverage-7.13.4-cp314-cp314t-musllinux_1_2_i686.whl", hash = "sha256:725d985c5ab621268b2edb8e50dfe57633dc69bda071abc470fed55a14935fd3", size = 261472, upload-time = "2026-02-09T12:58:48.995Z" },
    { url = "https://files.pythonhosted.org/packages/14/9e/caedb1679e73e2f6ad240173f55218488bfe043e38da577c4ec977489915/coverage-7.13.4-cp314-cp314t-musllinux_1_2_ppc64le.whl", hash = "sha256:3c06f0f1337c667b971ca2f975523347e63ec5e500b9aa5882d91931cd3ef750", size = 265210, upload-time = "2026-02-09T12:58:51.178Z" },
    { url = "https://files.pythonhosted.org/packages/3a/10/0dd02cb009b16ede425b49ec344aba13a6ae1dc39600840ea6abcb085ac4/coverage-7.13.4-cp314-cp314t-musllinux_1_2_riscv64.whl", hash = "sha256:590c0ed4bf8e85f745e6b805b2e1c457b2e33d5255dd9729743165253bc9ad39", size = 260319, upload-time = "2026-02-09T12:58:53.081Z" },
    { url = "https://files.pythonhosted.org/packages/92/8e/234d2c927af27c6d7a5ffad5bd2cf31634c46a477b4c7adfbfa66baf7ebb/coverage-7.13.4-cp314-cp314t-musllinux_1_2_x86_64.whl", hash = "sha256:eb30bf180de3f632cd043322dad5751390e5385108b2807368997d1a92a509d0", size = 262638, upload-time = "2026-02-09T12:58:55.258Z" },
    { url = "https://files.pythonhosted.org/packages/2f/64/e5547c8ff6964e5965c35a480855911b61509cce544f4d442caa759a0702/coverage-7.13.4-cp314-cp314t-win32.whl", hash = "sha256:c4240e7eded42d131a2d2c4dec70374b781b043ddc79a9de4d55ca71f8e98aea", size = 223040, upload-time = "2026-02-09T12:58:56.936Z" },
    { url = "https://files.pythonhosted.org/packages/c7/96/38086d58a181aac86d503dfa9c47eb20715a79c3e3acbdf786e92e5c09a8/coverage-7.13.4-cp314-cp314t-win_amd64.whl", hash = "sha256:4c7d3cc01e7350f2f0f6f7036caaf5673fb56b6998889ccfe9e1c1fe75a9c932", size = 224148, upload-time = "2026-02-09T12:58:58.645Z" },
    { url = "https://files.pythonhosted.org/packages/ce/72/8d10abd3740a0beb98c305e0c3faf454366221c0f37a8bcf8f60020bb65a/coverage-7.13.4-cp314-cp314t-win_arm64.whl", hash = "sha256:23e3f687cf945070d1c90f85db66d11e3025665d8dafa831301a0e0038f3db9b", size = 222172, upload-time = "2026-02-09T12:59:00.396Z" },
    { url = "https://files.pythonhosted.org/packages/0d/4a/331fe2caf6799d591109bb9c08083080f6de90a823695d412a935622abb2/coverage-7.13.4-py3-none-any.whl", hash = "sha256:1af1641e57cf7ba1bd67d677c9abdbcd6cc2ab7da3bca7fa1e2b7e50e65f2ad0", size = 211242, upload-time = "2026-02-09T12:59:02.032Z" },
]

[[package]]
name = "maturin"
version = "1.10.2"
source = { registry = "https://pypi.org/simple" }
sdist = { url = "https://files.pythonhosted.org/packages/02/44/c593afce7d418ae6016b955c978055232359ad28c707a9ac6643fc60512d/maturin-1.10.2.tar.gz", hash = "sha256:259292563da89850bf8f7d37aa4ddba22905214c1e180b1c8f55505dfd8c0e81", size = 217835, upload-time = "2025-11-19T11:53:17.348Z" }
wheels = [
    { url = "https://files.pythonhosted.org/packages/15/74/7f7e93019bb71aa072a7cdf951cbe4c9a8d5870dd86c66ec67002153487f/maturin-1.10.2-py3-none-linux_armv6l.whl", hash = "sha256:11c73815f21a755d2129c410e6cb19dbfacbc0155bfc46c706b69930c2eb794b", size = 8763201, upload-time = "2025-11-19T11:52:42.98Z" },
    { url = "https://files.pythonhosted.org/packages/4a/85/1d1b64dbb6518ee633bfde8787e251ae59428818fea7a6bdacb8008a09bd/maturin-1.10.2-py3-none-macosx_10_12_x86_64.macosx_11_0_arm64.macosx_10_12_universal2.whl", hash = "sha256:7fbd997c5347649ee7987bd05a92bd5b8b07efa4ac3f8bcbf6196e07eb573d89", size = 17072583, upload-time = "2025-11-19T11:52:45.636Z" },
    { url = "https://files.pythonhosted.org/packages/7c/45/2418f0d6e1cbdf890205d1dc73ebea6778bb9ce80f92e866576c701ded72/maturin-1.10.2-py3-none-macosx_10_12_x86_64.whl", hash = "sha256:e3ce9b2ad4fb9c341f450a6d32dc3edb409a2d582a81bc46ba55f6e3b6196b22", size = 8827021, upload-time = "2025-11-19T11:52:48.143Z" },
    { url = "https://files.pythonhosted.org/packages/7f/83/14c96ddc93b38745d8c3b85126f7d78a94f809a49dc9644bb22b0dc7b78c/maturin-1.10.2-py3-none-manylinux_2_12_i686.manylinux2010_i686.musllinux_1_1_i686.whl", hash = "sha256:f0d1b7b5f73c8d30a7e71cd2a2189a7f0126a3a3cd8b3d6843e7e1d4db50f759", size = 8751780, upload-time = "2025-11-19T11:52:51.613Z" },
    { url = "https://files.pythonhosted.org/packages/46/8d/753148c0d0472acd31a297f6d11c3263cd2668d38278ed29d523625f7290/maturin-1.10.2-py3-none-manylinux_2_12_x86_64.manylinux2010_x86_64.musllinux_1_1_x86_64.whl", hash = "sha256:efcd496a3202ffe0d0489df1f83d08b91399782fb2dd545d5a1e7bf6fd81af39", size = 9241884, upload-time = "2025-11-19T11:52:53.946Z" },
    { url = "https://files.pythonhosted.org/packages/b9/f9/f5ca9fe8cad70cac6f3b6008598cc708f8a74dd619baced99784a6253f23/maturin-1.10.2-py3-none-manylinux_2_17_aarch64.manylinux2014_aarch64.musllinux_1_1_aarch64.whl", hash = "sha256:a41ec70d99e27c05377be90f8e3c3def2a7bae4d0d9d5ea874aaf2d1da625d5c", size = 8671736, upload-time = "2025-11-19T11:52:57.133Z" },
    { url = "https://files.pythonhosted.org/packages/0a/76/f59cbcfcabef0259c3971f8b5754c85276a272028d8363386b03ec4e9947/maturin-1.10.2-py3-none-manylinux_2_17_armv7l.manylinux2014_armv7l.musllinux_1_1_armv7l.whl", hash = "sha256:07a82864352feeaf2167247c8206937ef6c6ae9533025d416b7004ade0ea601d", size = 8633475, upload-time = "2025-11-19T11:53:00.389Z" },
    { url = "https://files.pythonhosted.org/packages/53/40/96cd959ad1dda6c12301860a74afece200a3209d84b393beedd5d7d915c0/maturin-1.10.2-py3-none-manylinux_2_17_ppc64le.manylinux2014_ppc64le.musllinux_1_1_ppc64le.whl", hash = "sha256:04df81ee295dcda37828bd025a4ac688ea856e3946e4cb300a8f44a448de0069", size = 11177118, upload-time = "2025-11-19T11:53:03.014Z" },
    { url = "https://files.pythonhosted.org/packages/e5/b6/144f180f36314be183f5237011528f0e39fe5fd2e74e65c3b44a5795971e/maturin-1.10.2-py3-none-manylinux_2_17_s390x.manylinux2014_s390x.whl", hash = "sha256:96e1d391e4c1fa87edf2a37e4d53d5f2e5f39dd880b9d8306ac9f8eb212d23f8", size = 9320218, upload-time = "2025-11-19T11:53:05.39Z" },
    { url = "https://files.pythonhosted.org/packages/eb/2d/2c483c1b3118e2e10fd8219d5291843f5f7c12284113251bf506144a3ac1/maturin-1.10.2-py3-none-manylinux_2_31_riscv64.whl", hash = "sha256:a217aa7c42aa332fb8e8377eb07314e1f02cf0fe036f614aca4575121952addd", size = 8985266, upload-time = "2025-11-19T11:53:07.618Z" },
    { url = "https://files.pythonhosted.org/packages/1d/98/1d0222521e112cd058b56e8d96c72cf9615f799e3b557adb4b16004f42aa/maturin-1.10.2-py3-none-win32.whl", hash = "sha256:da031771d9fb6ddb1d373638ec2556feee29e4507365cd5749a2d354bcadd818", size = 7667897, upload-time = "2025-11-19T11:53:10.14Z" },
    { url = "https://files.pythonhosted.org/packages/a0/ec/c6c973b1def0d04533620b439d5d7aebb257657ba66710885394514c8045/maturin-1.10.2-py3-none-win_amd64.whl", hash = "sha256:da777766fd584440dc9fecd30059a94f85e4983f58b09e438ae38ee4b494024c", size = 8908416, upload-time = "2025-11-19T11:53:12.862Z" },
    { url = "https://files.pythonhosted.org/packages/1b/01/7da60c9f7d5dc92dfa5e8888239fd0fb2613ee19e44e6db5c2ed5595fab3/maturin-1.10.2-py3-none-win_arm64.whl", hash = "sha256:a4c29a770ea2c76082e0afc6d4efd8ee94405588bfae00d10828f72e206c739b", size = 7506680, upload-time = "2025-11-19T11:53:15.403Z" },
]

[[package]]
name = "polars"
version = "1.36.1"
source = { registry = "https://pypi.org/simple" }
dependencies = [
    { name = "polars-runtime-32" },
]
sdist = { url = "https://files.pythonhosted.org/packages/9f/dc/56f2a90c79a2cb13f9e956eab6385effe54216ae7a2068b3a6406bae4345/polars-1.36.1.tar.gz", hash = "sha256:12c7616a2305559144711ab73eaa18814f7aa898c522e7645014b68f1432d54c", size = 711993, upload-time = "2025-12-10T01:14:53.033Z" }
wheels = [
    { url = "https://files.pythonhosted.org/packages/f6/c6/36a1b874036b49893ecae0ac44a2f63d1a76e6212631a5b2f50a86e0e8af/polars-1.36.1-py3-none-any.whl", hash = "sha256:853c1bbb237add6a5f6d133c15094a9b727d66dd6a4eb91dbb07cdb056b2b8ef", size = 802429, upload-time = "2025-12-10T01:13:53.838Z" },
]

[[package]]
name = "polars-runtime-32"
version = "1.36.1"
source = { registry = "https://pypi.org/simple" }
sdist = { url = "https://files.pythonhosted.org/packages/31/df/597c0ef5eb8d761a16d72327846599b57c5d40d7f9e74306fc154aba8c37/polars_runtime_32-1.36.1.tar.gz", hash = "sha256:201c2cfd80ceb5d5cd7b63085b5fd08d6ae6554f922bcb941035e39638528a09", size = 2788751, upload-time = "2025-12-10T01:14:54.172Z" }
wheels = [
    { url = "https://files.pythonhosted.org/packages/e1/ea/871129a2d296966c0925b078a9a93c6c5e7facb1c5eebfcd3d5811aeddc1/polars_runtime_32-1.36.1-cp39-abi3-macosx_10_12_x86_64.whl", hash = "sha256:327b621ca82594f277751f7e23d4b939ebd1be18d54b4cdf7a2f8406cecc18b2", size = 43494311, upload-time = "2025-12-10T01:13:56.096Z" },
    { url = "https://files.pythonhosted.org/packages/d8/76/0038210ad1e526ce5bb2933b13760d6b986b3045eccc1338e661bd656f77/polars_runtime_32-1.36.1-cp39-abi3-macosx_11_0_arm64.whl", hash = "sha256:ab0d1f23084afee2b97de8c37aa3e02ec3569749ae39571bd89e7a8b11ae9e83", size = 39300602, upload-time = "2025-12-10T01:13:59.366Z" },
    { url = "https://files.pythonhosted.org/packages/54/1e/2707bee75a780a953a77a2c59829ee90ef55708f02fc4add761c579bf76e/polars_runtime_32-1.36.1-cp39-abi3-manylinux_2_17_x86_64.manylinux2014_x86_64.whl", hash = "sha256:899b9ad2e47ceb31eb157f27a09dbc2047efbf4969a923a6b1ba7f0412c3e64c", size = 44511780, upload-time = "2025-12-10T01:14:02.285Z" },
    { url = "https://files.pythonhosted.org/packages/11/b2/3fede95feee441be64b4bcb32444679a8fbb7a453a10251583053f6efe52/polars_runtime_32-1.36.1-cp39-abi3-manylinux_2_24_aarch64.whl", hash = "sha256:d9d077bb9df711bc635a86540df48242bb91975b353e53ef261c6fae6cb0948f", size = 40688448, upload-time = "2025-12-10T01:14:05.131Z" },
    { url = "https://files.pythonhosted.org/packages/05/0f/e629713a72999939b7b4bfdbf030a32794db588b04fdf3dc977dd8ea6c53/polars_runtime_32-1.36.1-cp39-abi3-win_amd64.whl", hash = "sha256:cc17101f28c9a169ff8b5b8d4977a3683cd403621841623825525f440b564cf0", size = 44464898, upload-time = "2025-12-10T01:14:08.296Z" },
    { url = "https://files.pythonhosted.org/packages/d1/d8/a12e6aa14f63784cead437083319ec7cece0d5bb9a5bfe7678cc6578b52a/polars_runtime_32-1.36.1-cp39-abi3-win_arm64.whl", hash = "sha256:809e73857be71250141225ddd5d2b30c97e6340aeaa0d445f930e01bef6888dc", size = 39798896, upload-time = "2025-12-10T01:14:11.568Z" },
]

[[package]]
name = "pyrefly"
version = "0.46.0"
source = { registry = "https://pypi.org/simple" }
sdist = { url = "https://files.pythonhosted.org/packages/41/2e/5bf8c90b553d7d058151293c97d1cde8614a0b7f8e9fbad9641600f109b2/pyrefly-0.46.0.tar.gz", hash = "sha256:4fa77309286f850bf4378b8bdfd15b812a5c2927454ab015f01cbdb7b90dc333", size = 5069085, upload-time = "2025-12-15T12:05:08.923Z" }
wheels = [
    { url = "https://files.pythonhosted.org/packages/93/06/6799fcc02ebb2424063b4ef57ce03d943cbb08a5d3585d9fba422a3309e0/pyrefly-0.46.0-py3-none-macosx_10_12_x86_64.whl", hash = "sha256:d71a303bc218ff4f803eae6e0f757bfea17c809cc145eea09f8f49b6158754ad", size = 11926321, upload-time = "2025-12-15T12:04:49.377Z" },
    { url = "https://files.pythonhosted.org/packages/d6/0a/869e16ef40f0e494ed15c5cec85b9aeac9f0e3523e27ce239b42f957f2e1/pyrefly-0.46.0-py3-none-macosx_11_0_arm64.whl", hash = "sha256:0e7f001e979df4b4e125aa8d3d462978b4ac58ffc1f5bb7cc5e3a7572827a6fd", size = 11545813, upload-time = "2025-12-15T12:04:51.763Z" },
    { url = "https://files.pythonhosted.org/packages/7e/39/7897966edead5fcc02c461b0c5d3e8a006eb84171b874b7362cb923a5cb0/pyrefly-0.46.0-py3-none-manylinux_2_17_aarch64.manylinux2014_aarch64.whl", hash = "sha256:a07fd293b2e7441db7756e6cfa004c9a73da6a0925845947ab3b8ea05e913f99", size = 31558238, upload-time = "2025-12-15T12:04:54.144Z" },
    { url = "https://files.pythonhosted.org/packages/37/bb/77f5854b681c10d33139c816a9894ed89d13c9814278be81e2d459bdd1b8/pyrefly-0.46.0-py3-none-manylinux_2_17_i686.manylinux2014_i686.whl", hash = "sha256:1a893a08feefa3543467b41724ef045e678a806586198c63ce8a670d343ff677", size = 33764532, upload-time = "2025-12-15T12:04:56.978Z" },
    { url = "https://files.pythonhosted.org/packages/70/b0/55efd3ea7a7fa04b396abb4d7f7bd93911f3b2a3f05436291ab7554ca3c8/pyrefly-0.46.0-py3-none-manylinux_2_17_x86_64.manylinux2014_x86_64.whl", hash = "sha256:4d43783984d8cb4167e3d07c96477ba1d8367ef7b6c27621d9cc1af5ccc1cf44", size = 34819583, upload-time = "2025-12-15T12:04:59.461Z" },
    { url = "https://files.pythonhosted.org/packages/e0/bb/f3fb05d6faa2d2eaa46f8efb8036b8a7f2478fca47329b64f3a24aa948a1/pyrefly-0.46.0-py3-none-win32.whl", hash = "sha256:3d8482bc9c3e1e7f881a980906264b2348abb51d61e0cf2dd5c9afcf10197201", size = 11009453, upload-time = "2025-12-15T12:05:02.103Z" },
    { url = "https://files.pythonhosted.org/packages/60/d3/01309bbfa115079cefc1d027fa13ff8803891fc044a32aadfb58d3ee47cc/pyrefly-0.46.0-py3-none-win_amd64.whl", hash = "sha256:7ad8615cfd0523a8fccedeaaa0c963a7577255095a7d945fcf1693cfdde90716", size = 11692961, upload-time = "2025-12-15T12:05:04.449Z" },
    { url = "https://files.pythonhosted.org/packages/ce/96/4369be3bc402f9c41f5b7bfef5d547b9ddf85e6bd48b8ccaa1c5f593c61b/pyrefly-0.46.0-py3-none-win_arm64.whl", hash = "sha256:9c032a30ecba3b1b0f428f1d3bb14fbd63ad0bba60d56b857888372d99ce558f", size = 11238385, upload-time = "2025-12-15T12:05:06.771Z" },
]

[[package]]
name = "ruff"
version = "0.14.10"
source = { registry = "https://pypi.org/simple" }
sdist = { url = "https://files.pythonhosted.org/packages/57/08/52232a877978dd8f9cf2aeddce3e611b40a63287dfca29b6b8da791f5e8d/ruff-0.14.10.tar.gz", hash = "sha256:9a2e830f075d1a42cd28420d7809ace390832a490ed0966fe373ba288e77aaf4", size = 5859763, upload-time = "2025-12-18T19:28:57.98Z" }
wheels = [
    { url = "https://files.pythonhosted.org/packages/60/01/933704d69f3f05ee16ef11406b78881733c186fe14b6a46b05cfcaf6d3b2/ruff-0.14.10-py3-none-linux_armv6l.whl", hash = "sha256:7a3ce585f2ade3e1f29ec1b92df13e3da262178df8c8bdf876f48fa0e8316c49", size = 13527080, upload-time = "2025-12-18T19:29:25.642Z" },
    { url = "https://files.pythonhosted.org/packages/df/58/a0349197a7dfa603ffb7f5b0470391efa79ddc327c1e29c4851e85b09cc5/ruff-0.14.10-py3-none-macosx_10_12_x86_64.whl", hash = "sha256:674f9be9372907f7257c51f1d4fc902cb7cf014b9980152b802794317941f08f", size = 13797320, upload-time = "2025-12-18T19:29:02.571Z" },
    { url = "https://files.pythonhosted.org/packages/7b/82/36be59f00a6082e38c23536df4e71cdbc6af8d7c707eade97fcad5c98235/ruff-0.14.10-py3-none-macosx_11_0_arm64.whl", hash = "sha256:d85713d522348837ef9df8efca33ccb8bd6fcfc86a2cde3ccb4bc9d28a18003d", size = 12918434, upload-time = "2025-12-18T19:28:51.202Z" },
    { url = "https://files.pythonhosted.org/packages/a6/00/45c62a7f7e34da92a25804f813ebe05c88aa9e0c25e5cb5a7d23dd7450e3/ruff-0.14.10-py3-none-manylinux_2_17_aarch64.manylinux2014_aarch64.whl", hash = "sha256:6987ebe0501ae4f4308d7d24e2d0fe3d7a98430f5adfd0f1fead050a740a3a77", size = 13371961, upload-time = "2025-12-18T19:29:04.991Z" },
    { url = "https://files.pythonhosted.org/packages/40/31/a5906d60f0405f7e57045a70f2d57084a93ca7425f22e1d66904769d1628/ruff-0.14.10-py3-none-manylinux_2_17_armv7l.manylinux2014_armv7l.whl", hash = "sha256:16a01dfb7b9e4eee556fbfd5392806b1b8550c9b4a9f6acd3dbe6812b193c70a", size = 13275629, upload-time = "2025-12-18T19:29:21.381Z" },
    { url = "https://files.pythonhosted.org/packages/3e/60/61c0087df21894cf9d928dc04bcd4fb10e8b2e8dca7b1a276ba2155b2002/ruff-0.14.10-py3-none-manylinux_2_17_i686.manylinux2014_i686.whl", hash = "sha256:7165d31a925b7a294465fa81be8c12a0e9b60fb02bf177e79067c867e71f8b1f", size = 14029234, upload-time = "2025-12-18T19:29:00.132Z" },
    { url = "https://files.pythonhosted.org/packages/44/84/77d911bee3b92348b6e5dab5a0c898d87084ea03ac5dc708f46d88407def/ruff-0.14.10-py3-none-manylinux_2_17_ppc64.manylinux2014_ppc64.whl", hash = "sha256:c561695675b972effb0c0a45db233f2c816ff3da8dcfbe7dfc7eed625f218935", size = 15449890, upload-time = "2025-12-18T19:28:53.573Z" },
    { url = "https://files.pythonhosted.org/packages/e9/36/480206eaefa24a7ec321582dda580443a8f0671fdbf6b1c80e9c3e93a16a/ruff-0.14.10-py3-none-manylinux_2_17_ppc64le.manylinux2014_ppc64le.whl", hash = "sha256:4bb98fcbbc61725968893682fd4df8966a34611239c9fd07a1f6a07e7103d08e", size = 15123172, upload-time = "2025-12-18T19:29:23.453Z" },
    { url = "https://files.pythonhosted.org/packages/5c/38/68e414156015ba80cef5473d57919d27dfb62ec804b96180bafdeaf0e090/ruff-0.14.10-py3-none-manylinux_2_17_s390x.manylinux2014_s390x.whl", hash = "sha256:f24b47993a9d8cb858429e97bdf8544c78029f09b520af615c1d261bf827001d", size = 14460260, upload-time = "2025-12-18T19:29:27.808Z" },
    { url = "https://files.pythonhosted.org/packages/b3/19/9e050c0dca8aba824d67cc0db69fb459c28d8cd3f6855b1405b3f29cc91d/ruff-0.14.10-py3-none-manylinux_2_17_x86_64.manylinux2014_x86_64.whl", hash = "sha256:59aabd2e2c4fd614d2862e7939c34a532c04f1084476d6833dddef4afab87e9f", size = 14229978, upload-time = "2025-12-18T19:29:11.32Z" },
    { url = "https://files.pythonhosted.org/packages/51/eb/e8dd1dd6e05b9e695aa9dd420f4577debdd0f87a5ff2fedda33c09e9be8c/ruff-0.14.10-py3-none-manylinux_2_31_riscv64.whl", hash = "sha256:213db2b2e44be8625002dbea33bb9c60c66ea2c07c084a00d55732689d697a7f", size = 14338036, upload-time = "2025-12-18T19:29:09.184Z" },
    { url = "https://files.pythonhosted.org/packages/6a/12/f3e3a505db7c19303b70af370d137795fcfec136d670d5de5391e295c134/ruff-0.14.10-py3-none-musllinux_1_2_aarch64.whl", hash = "sha256:b914c40ab64865a17a9a5b67911d14df72346a634527240039eb3bd650e5979d", size = 13264051, upload-time = "2025-12-18T19:29:13.431Z" },
    { url = "https://files.pythonhosted.org/packages/08/64/8c3a47eaccfef8ac20e0484e68e0772013eb85802f8a9f7603ca751eb166/ruff-0.14.10-py3-none-musllinux_1_2_armv7l.whl", hash = "sha256:1484983559f026788e3a5c07c81ef7d1e97c1c78ed03041a18f75df104c45405", size = 13283998, upload-time = "2025-12-18T19:29:06.994Z" },
    { url = "https://files.pythonhosted.org/packages/12/84/534a5506f4074e5cc0529e5cd96cfc01bb480e460c7edf5af70d2bcae55e/ruff-0.14.10-py3-none-musllinux_1_2_i686.whl", hash = "sha256:c70427132db492d25f982fffc8d6c7535cc2fd2c83fc8888f05caaa248521e60", size = 13601891, upload-time = "2025-12-18T19:28:55.811Z" },
    { url = "https://files.pythonhosted.org/packages/0d/1e/14c916087d8598917dbad9b2921d340f7884824ad6e9c55de948a93b106d/ruff-0.14.10-py3-none-musllinux_1_2_x86_64.whl", hash = "sha256:5bcf45b681e9f1ee6445d317ce1fa9d6cba9a6049542d1c3d5b5958986be8830", size = 14336660, upload-time = "2025-12-18T19:29:16.531Z" },
    { url = "https://files.pythonhosted.org/packages/f2/1c/d7b67ab43f30013b47c12b42d1acd354c195351a3f7a1d67f59e54227ede/ruff-0.14.10-py3-none-win32.whl", hash = "sha256:104c49fc7ab73f3f3a758039adea978869a918f31b73280db175b43a2d9b51d6", size = 13196187, upload-time = "2025-12-18T19:29:19.006Z" },
    { url = "https://files.pythonhosted.org/packages/fb/9c/896c862e13886fae2af961bef3e6312db9ebc6adc2b156fe95e615dee8c1/ruff-0.14.10-py3-none-win_amd64.whl", hash = "sha256:466297bd73638c6bdf06485683e812db1c00c7ac96d4ddd0294a338c62fdc154", size = 14661283, upload-time = "2025-12-18T19:29:30.16Z" },
    { url = "https://files.pythonhosted.org/packages/74/31/b0e29d572670dca3674eeee78e418f20bdf97fa8aa9ea71380885e175ca0/ruff-0.14.10-py3-none-win_arm64.whl", hash = "sha256:e51d046cf6dda98a4633b8a8a771451107413b0f07183b2bef03f075599e44e6", size = 13729839, upload-time = "2025-12-18T19:28:48.636Z" },
]
